
Microsoft Visual Studio Solution File, Format Version 12.00
# Visual Studio Version 17
VisualStudioVersion = 17.5.33516.290
MinimumVisualStudioVersion = 10.0.40219.1
Project("{9A19103F-16F7-4668-BE54-9A1E7A4F7556}") = "GreenLocator", "GreenLocator\GreenLocator.csproj", "{B5C33638-9685-42E5-8872-E8A7617E0315}"
EndProject
Project("{FAE04EC0-301F-11D3-BF4B-00C04F79EFBC}") = "IntegrationTesting", "IntegrationTesting\IntegrationTesting.csproj", "{EF470C9A-50D9-4C11-88C2-9656B0BD69F9}"
EndProject
Global
	GlobalSection(SolutionConfigurationPlatforms) = preSolution
		Debug|Any CPU = Debug|Any CPU
		Release|Any CPU = Release|Any CPU
	EndGlobalSection
	GlobalSection(ProjectConfigurationPlatforms) = postSolution
		{B5C33638-9685-42E5-8872-E8A7617E0315}.Debug|Any CPU.ActiveCfg = Debug|Any CPU
		{B5C33638-9685-42E5-8872-E8A7617E0315}.Debug|Any CPU.Build.0 = Debug|Any CPU
		{B5C33638-9685-42E5-8872-E8A7617E0315}.Release|Any CPU.ActiveCfg = Release|Any CPU
		{B5C33638-9685-42E5-8872-E8A7617E0315}.Release|Any CPU.Build.0 = Release|Any CPU
		{EF470C9A-50D9-4C11-88C2-9656B0BD69F9}.Debug|Any CPU.ActiveCfg = Debug|Any CPU
		{EF470C9A-50D9-4C11-88C2-9656B0BD69F9}.Debug|Any CPU.Build.0 = Debug|Any CPU
		{EF470C9A-50D9-4C11-88C2-9656B0BD69F9}.Release|Any CPU.ActiveCfg = Release|Any CPU
		{EF470C9A-50D9-4C11-88C2-9656B0BD69F9}.Release|Any CPU.Build.0 = Release|Any CPU
	EndGlobalSection
	GlobalSection(SolutionProperties) = preSolution
		HideSolutionNode = FALSE
	EndGlobalSection
	GlobalSection(ExtensibilityGlobals) = postSolution
		SolutionGuid = {17AC769E-A985-4CB1-A729-9F58168F66A0}
	EndGlobalSection
EndGlobal
